version = 1
requires-python = ">=3.13"

[[package]]
name = "advent-of-code"
version = "0.1.0"
source = { virtual = "." }
dependencies = [
    { name = "bitarray" },
    { name = "tqdm" },
]

[package.metadata]
requires-dist = [
    { name = "bitarray", specifier = ">=3.0.0" },
    { name = "tqdm", specifier = ">=4.67.0" },
]

[[package]]
name = "bitarray"
version = "3.0.0"
source = { registry = "https://pypi.org/simple" }
sdist = { url = "https://files.pythonhosted.org/packages/85/62/dcfac53d22ef7e904ed10a8e710a36391d2d6753c34c869b51bfc5e4ad54/bitarray-3.0.0.tar.gz", hash = "sha256:a2083dc20f0d828a7cdf7a16b20dae56aab0f43dc4f347a3b3039f6577992b03", size = 126627 }
wheels = [
    { url = "https://files.pythonhosted.org/packages/4f/30/07d7be4624981537d32b261dc48a16b03757cc9d88f66012d93acaf11663/bitarray-3.0.0-cp313-cp313-macosx_10_13_universal2.whl", hash = "sha256:7cb885c043000924554fe2124d13084c8fdae03aec52c4086915cd4cb87fe8be", size = 172147 },
    { url = "https://files.pythonhosted.org/packages/f0/e9/be1fa2828bad9cb32e1309e6dbd05adcc41679297d9e96bbb372be928e38/bitarray-3.0.0-cp313-cp313-macosx_10_13_x86_64.whl", hash = "sha256:7814c9924a0b30ecd401f02f082d8697fc5a5be3f8d407efa6e34531ff3c306a", size = 123319 },
    { url = "https://files.pythonhosted.org/packages/22/28/33601d276a6eb76e40fe8a61c61f59cc9ff6d9ecf0b676235c02689475b8/bitarray-3.0.0-cp313-cp313-macosx_11_0_arm64.whl", hash = "sha256:bcf524a087b143ba736aebbb054bb399d49e77cf7c04ed24c728e411adc82bfa", size = 121236 },
    { url = "https://files.pythonhosted.org/packages/85/d3/f36b213ffae8f9c8e4c6f12a91e18c06570a04f42d5a1bda4303380f2639/bitarray-3.0.0-cp313-cp313-manylinux_2_17_aarch64.manylinux2014_aarch64.whl", hash = "sha256:d1d5abf1d6d910599ac16afdd9a0ed3e24f3b46af57f3070cf2792f236f36e0b", size = 287395 },
    { url = "https://files.pythonhosted.org/packages/b7/1a/2da3b00d876883b05ffd3be9b1311858b48d4a26579f8647860e271c5385/bitarray-3.0.0-cp313-cp313-manylinux_2_17_ppc64le.manylinux2014_ppc64le.whl", hash = "sha256:9929051feeaf8d948cc0b1c9ce57748079a941a1a15c89f6014edf18adaade84", size = 301501 },
    { url = "https://files.pythonhosted.org/packages/88/b9/c1b5af8d1c918f1ee98748f7f7270f932f531c2259dd578c0edcf16ec73e/bitarray-3.0.0-cp313-cp313-manylinux_2_17_s390x.manylinux2014_s390x.whl", hash = "sha256:96cf0898f8060b2d3ae491762ae871b071212ded97ff9e1e3a5229e9fefe544c", size = 304804 },
    { url = "https://files.pythonhosted.org/packages/92/24/81a10862856419638c0db13e04de7cbf19938353517a67e4848c691f0b7c/bitarray-3.0.0-cp313-cp313-manylinux_2_17_x86_64.manylinux2014_x86_64.whl", hash = "sha256:ab37da66a8736ad5a75a58034180e92c41e864da0152b84e71fcc253a2f69cd4", size = 288507 },
    { url = "https://files.pythonhosted.org/packages/da/70/a093af92ef7b207a59087e3b5819e03767fbdda9dd56aada3a4ee25a1fbd/bitarray-3.0.0-cp313-cp313-manylinux_2_5_i686.manylinux1_i686.manylinux_2_17_i686.manylinux2014_i686.whl", hash = "sha256:beeb79e476d19b91fd6a3439853e4e5ba1b3b475920fa40d62bde719c8af786f", size = 278905 },
    { url = "https://files.pythonhosted.org/packages/fb/40/0925c6079c4b282b16eb9085f82df0cdf1f787fb4c67fd4baca3e37acf7f/bitarray-3.0.0-cp313-cp313-musllinux_1_2_aarch64.whl", hash = "sha256:f75fc0198c955d840b836059bd43e0993edbf119923029ca60c4fc017cefa54a", size = 281909 },
    { url = "https://files.pythonhosted.org/packages/61/4b/e11754a5d34cb997250d8019b1fe555d4c06fe2d2a68b0bf7c5580537046/bitarray-3.0.0-cp313-cp313-musllinux_1_2_i686.whl", hash = "sha256:f12cc7c7638074918cdcc7491aff897df921b092ffd877227892d2686e98f876", size = 274711 },
    { url = "https://files.pythonhosted.org/packages/5b/78/39513f75423959ee2d82a82e10296b6a7bc7d880b16d714980a6752ef33b/bitarray-3.0.0-cp313-cp313-musllinux_1_2_ppc64le.whl", hash = "sha256:dbe1084935b942fab206e609fa1ed3f46ad1f2612fb4833e177e9b2a5e006c96", size = 297038 },
    { url = "https://files.pythonhosted.org/packages/af/a2/5cb81f8773a479de7c06cc1ada36d5cc5a8ebcd8715013e1c4e01a76e84a/bitarray-3.0.0-cp313-cp313-musllinux_1_2_s390x.whl", hash = "sha256:ac06dd72ee1e1b6e312504d06f75220b5894af1fb58f0c20643698f5122aea76", size = 309814 },
    { url = "https://files.pythonhosted.org/packages/03/3e/795b57c6f6eea61c47d0716e1d60219218028b1f260f7328802eac684964/bitarray-3.0.0-cp313-cp313-musllinux_1_2_x86_64.whl", hash = "sha256:00f9a88c56e373009ac3c73c55205cfbd9683fbd247e2f9a64bae3da78795252", size = 281564 },
    { url = "https://files.pythonhosted.org/packages/f6/31/5914002ae4dd0e0079f8bccfd0647119cff364280d106108a19bd2511933/bitarray-3.0.0-cp313-cp313-win32.whl", hash = "sha256:9c6e52005e91803eb4e08c0a08a481fb55ddce97f926bae1f6fa61b3396b5b61", size = 114404 },
    { url = "https://files.pythonhosted.org/packages/76/0a/184f85a1739db841ae8fbb1d9ec028240d5a351e36abec9cd020de889dab/bitarray-3.0.0-cp313-cp313-win_amd64.whl", hash = "sha256:cb98d5b6eac4b2cf2a5a69f60a9c499844b8bea207059e9fc45c752436e6bb49", size = 121672 },
]

[[package]]
name = "colorama"
version = "0.4.6"
source = { registry = "https://pypi.org/simple" }
sdist = { url = "https://files.pythonhosted.org/packages/d8/53/6f443c9a4a8358a93a6792e2acffb9d9d5cb0a5cfd8802644b7b1c9a02e4/colorama-0.4.6.tar.gz", hash = "sha256:08695f5cb7ed6e0531a20572697297273c47b8cae5a63ffc6d6ed5c201be6e44", size = 27697 }
wheels = [
    { url = "https://files.pythonhosted.org/packages/d1/d6/3965ed04c63042e047cb6a3e6ed1a63a35087b6a609aa3a15ed8ac56c221/colorama-0.4.6-py2.py3-none-any.whl", hash = "sha256:4f1d9991f5acc0ca119f9d443620b77f9d6b33703e51011c16baf57afb285fc6", size = 25335 },
]

[[package]]
name = "tqdm"
version = "4.67.0"
source = { registry = "https://pypi.org/simple" }
dependencies = [
    { name = "colorama", marker = "platform_system == 'Windows'" },
]
sdist = { url = "https://files.pythonhosted.org/packages/e8/4f/0153c21dc5779a49a0598c445b1978126b1344bab9ee71e53e44877e14e0/tqdm-4.67.0.tar.gz", hash = "sha256:fe5a6f95e6fe0b9755e9469b77b9c3cf850048224ecaa8293d7d2d31f97d869a", size = 169739 }
wheels = [
    { url = "https://files.pythonhosted.org/packages/2b/78/57043611a16c655c8350b4c01b8d6abfb38cc2acb475238b62c2146186d7/tqdm-4.67.0-py3-none-any.whl", hash = "sha256:0cd8af9d56911acab92182e88d763100d4788bdf421d251616040cc4d44863be", size = 78590 },
]
